
Microsoft Visual Studio Solution File, Format Version 12.00
# Visual Studio Version 17
VisualStudioVersion = 17.8.34330.188
MinimumVisualStudioVersion = 10.0.40219.1
Project("{FAE04EC0-301F-11D3-BF4B-00C04F79EFBC}") = "Tranning", "Tranning\Tranning.csproj", "{B71F5BEF-DF7A-4FF3-A748-911F0AFBBDC6}"
EndProject
Project("{00D1A9C2-B5F0-4AF3-8072-F6C62B433612}") = "TranningDB", "TranningDB\TranningDB.sqlproj", "{B4AED576-9454-40C7-AC6E-E9525EF68B63}"
EndProject
Global
	GlobalSection(SolutionConfigurationPlatforms) = preSolution
		Debug|Any CPU = Debug|Any CPU
		Release|Any CPU = Release|Any CPU
	EndGlobalSection
	GlobalSection(ProjectConfigurationPlatforms) = postSolution
		{B71F5BEF-DF7A-4FF3-A748-911F0AFBBDC6}.Debug|Any CPU.ActiveCfg = Debug|Any CPU
		{B71F5BEF-DF7A-4FF3-A748-911F0AFBBDC6}.Debug|Any CPU.Build.0 = Debug|Any CPU
		{B71F5BEF-DF7A-4FF3-A748-911F0AFBBDC6}.Release|Any CPU.ActiveCfg = Release|Any CPU
		{B71F5BEF-DF7A-4FF3-A748-911F0AFBBDC6}.Release|Any CPU.Build.0 = Release|Any CPU
		{B4AED576-9454-40C7-AC6E-E9525EF68B63}.Debug|Any CPU.ActiveCfg = Debug|Any CPU
		{B4AED576-9454-40C7-AC6E-E9525EF68B63}.Debug|Any CPU.Build.0 = Debug|Any CPU
		{B4AED576-9454-40C7-AC6E-E9525EF68B63}.Debug|Any CPU.Deploy.0 = Debug|Any CPU
		{B4AED576-9454-40C7-AC6E-E9525EF68B63}.Release|Any CPU.ActiveCfg = Release|Any CPU
		{B4AED576-9454-40C7-AC6E-E9525EF68B63}.Release|Any CPU.Build.0 = Release|Any CPU
		{B4AED576-9454-40C7-AC6E-E9525EF68B63}.Release|Any CPU.Deploy.0 = Release|Any CPU
	EndGlobalSection
	GlobalSection(SolutionProperties) = preSolution
		HideSolutionNode = FALSE
	EndGlobalSection
	GlobalSection(ExtensibilityGlobals) = postSolution
		SolutionGuid = {C7EC6CC4-B1C0-4882-8C28-31B37D1429A7}
	EndGlobalSection
EndGlobal
